
Microsoft Visual Studio Solution File, Format Version 12.00
# Visual Studio Version 17
VisualStudioVersion = 17.6.33723.286
MinimumVisualStudioVersion = 10.0.40219.1
Project("{FAE04EC0-301F-11D3-BF4B-00C04F79EFBC}") = "Biblioteca", "Biblioteca\Biblioteca.csproj", "{3AA22B41-5FCB-44ED-A854-F3DCE54DD59D}"
EndProject
Global
	GlobalSection(SolutionConfigurationPlatforms) = preSolution
		Debug|Any CPU = Debug|Any CPU
		Release|Any CPU = Release|Any CPU
	EndGlobalSection
	GlobalSection(ProjectConfigurationPlatforms) = postSolution
		{3AA22B41-5FCB-44ED-A854-F3DCE54DD59D}.Debug|Any CPU.ActiveCfg = Debug|Any CPU
		{3AA22B41-5FCB-44ED-A854-F3DCE54DD59D}.Debug|Any CPU.Build.0 = Debug|Any CPU
		{3AA22B41-5FCB-44ED-A854-F3DCE54DD59D}.Release|Any CPU.ActiveCfg = Release|Any CPU
		{3AA22B41-5FCB-44ED-A854-F3DCE54DD59D}.Release|Any CPU.Build.0 = Release|Any CPU
	EndGlobalSection
	GlobalSection(SolutionProperties) = preSolution
		HideSolutionNode = FALSE
	EndGlobalSection
	GlobalSection(ExtensibilityGlobals) = postSolution
		SolutionGuid = {74015526-BD0F-4444-A44A-3062E4B1C96D}
	EndGlobalSection
EndGlobal
